
Microsoft Visual Studio Solution File, Format Version 12.00
# Visual Studio 15
VisualStudioVersion = 15.0.28307.421
MinimumVisualStudioVersion = 10.0.40219.1
Project("{9A19103F-16F7-4668-BE54-9A1E7A4F7556}") = "IGBLWebsite", "IGBLWebsite\IGBLWebsite.csproj", "{EC98CE8B-ABE2-4C57-A1ED-957DF934A442}"
EndProject
Global
	GlobalSection(SolutionConfigurationPlatforms) = preSolution
		Debug|Any CPU = Debug|Any CPU
		Release|Any CPU = Release|Any CPU
	EndGlobalSection
	GlobalSection(ProjectConfigurationPlatforms) = postSolution
		{EC98CE8B-ABE2-4C57-A1ED-957DF934A442}.Debug|Any CPU.ActiveCfg = Debug|Any CPU
		{EC98CE8B-ABE2-4C57-A1ED-957DF934A442}.Debug|Any CPU.Build.0 = Debug|Any CPU
		{EC98CE8B-ABE2-4C57-A1ED-957DF934A442}.Release|Any CPU.ActiveCfg = Release|Any CPU
		{EC98CE8B-ABE2-4C57-A1ED-957DF934A442}.Release|Any CPU.Build.0 = Release|Any CPU
	EndGlobalSection
	GlobalSection(SolutionProperties) = preSolution
		HideSolutionNode = FALSE
	EndGlobalSection
	GlobalSection(ExtensibilityGlobals) = postSolution
		SolutionGuid = {EADDC052-81BB-4F9B-A898-3DB0E1F084EA}
	EndGlobalSection
EndGlobal
